
Microsoft Visual Studio Solution File, Format Version 12.00
# Visual Studio Version 17
VisualStudioVersion = 17.4.33110.190
MinimumVisualStudioVersion = 10.0.40219.1
Project("{FAE04EC0-301F-11D3-BF4B-00C04F79EFBC}") = "Map", "Map.csproj", "{9B2BCFA5-FB9F-4C87-83DE-1F54A71DB504}"
EndProject
Global
	GlobalSection(SolutionConfigurationPlatforms) = preSolution
		Debug|Any CPU = Debug|Any CPU
		Release|Any CPU = Release|Any CPU
	EndGlobalSection
	GlobalSection(ProjectConfigurationPlatforms) = postSolution
		{9B2BCFA5-FB9F-4C87-83DE-1F54A71DB504}.Debug|Any CPU.ActiveCfg = Debug|Any CPU
		{9B2BCFA5-FB9F-4C87-83DE-1F54A71DB504}.Debug|Any CPU.Build.0 = Debug|Any CPU
		{9B2BCFA5-FB9F-4C87-83DE-1F54A71DB504}.Release|Any CPU.ActiveCfg = Release|Any CPU
		{9B2BCFA5-FB9F-4C87-83DE-1F54A71DB504}.Release|Any CPU.Build.0 = Release|Any CPU
	EndGlobalSection
	GlobalSection(SolutionProperties) = preSolution
		HideSolutionNode = FALSE
	EndGlobalSection
	GlobalSection(ExtensibilityGlobals) = postSolution
		SolutionGuid = {620C2F4D-2DA9-44AC-BDA5-DED9A34940E5}
	EndGlobalSection
EndGlobal
