
Microsoft Visual Studio Solution File, Format Version 12.00
# Visual Studio Version 17
VisualStudioVersion = 17.4.33213.308
MinimumVisualStudioVersion = 10.0.40219.1
Project("{FAE04EC0-301F-11D3-BF4B-00C04F79EFBC}") = "BMIKALKUL", "BMIKALKUL\BMIKALKUL.csproj", "{5C09368A-2F26-466C-A7BF-798B1FE20DD9}"
EndProject
Global
	GlobalSection(SolutionConfigurationPlatforms) = preSolution
		Debug|Any CPU = Debug|Any CPU
		Release|Any CPU = Release|Any CPU
	EndGlobalSection
	GlobalSection(ProjectConfigurationPlatforms) = postSolution
		{5C09368A-2F26-466C-A7BF-798B1FE20DD9}.Debug|Any CPU.ActiveCfg = Debug|Any CPU
		{5C09368A-2F26-466C-A7BF-798B1FE20DD9}.Debug|Any CPU.Build.0 = Debug|Any CPU
		{5C09368A-2F26-466C-A7BF-798B1FE20DD9}.Release|Any CPU.ActiveCfg = Release|Any CPU
		{5C09368A-2F26-466C-A7BF-798B1FE20DD9}.Release|Any CPU.Build.0 = Release|Any CPU
	EndGlobalSection
	GlobalSection(SolutionProperties) = preSolution
		HideSolutionNode = FALSE
	EndGlobalSection
	GlobalSection(ExtensibilityGlobals) = postSolution
		SolutionGuid = {9916A96E-758A-4B1F-BD71-0AA56CAF1C0E}
	EndGlobalSection
EndGlobal
